
Microsoft Visual Studio Solution File, Format Version 12.00
# Visual Studio Version 17
VisualStudioVersion = 17.11.35327.3
MinimumVisualStudioVersion = 10.0.40219.1
Project("{FAE04EC0-301F-11D3-BF4B-00C04F79EFBC}") = "LanguageFeatures", "LanguageFeatures\LanguageFeatures.csproj", "{86CACE09-CDD7-4EC8-9E47-B6832827F7A7}"
EndProject
Global
	GlobalSection(SolutionConfigurationPlatforms) = preSolution
		Debug|Any CPU = Debug|Any CPU
		Release|Any CPU = Release|Any CPU
	EndGlobalSection
	GlobalSection(ProjectConfigurationPlatforms) = postSolution
		{86CACE09-CDD7-4EC8-9E47-B6832827F7A7}.Debug|Any CPU.ActiveCfg = Debug|Any CPU
		{86CACE09-CDD7-4EC8-9E47-B6832827F7A7}.Debug|Any CPU.Build.0 = Debug|Any CPU
		{86CACE09-CDD7-4EC8-9E47-B6832827F7A7}.Release|Any CPU.ActiveCfg = Release|Any CPU
		{86CACE09-CDD7-4EC8-9E47-B6832827F7A7}.Release|Any CPU.Build.0 = Release|Any CPU
	EndGlobalSection
	GlobalSection(SolutionProperties) = preSolution
		HideSolutionNode = FALSE
	EndGlobalSection
	GlobalSection(ExtensibilityGlobals) = postSolution
		SolutionGuid = {48256829-B762-410D-A767-75FD42A3DD1C}
	EndGlobalSection
EndGlobal
